// !$*UTF8*$!
{
	archiveVersion = 1;
	classes = {
	};
	objectVersion = 46;
	objects = {

/* Begin PBXBuildFile section */
		2276682619C4AC26009254D0 /* TRPieChart.m in Sources */ = {isa = PBXBuildFile; fileRef = 2276682219C4AC26009254D0 /* TRPieChart.m */; };
		2276682719C4AC26009254D0 /* TRPieChartView.m in Sources */ = {isa = PBXBuildFile; fileRef = 2276682419C4AC26009254D0 /* TRPieChartView.m */; };
		2276682819C4AC26009254D0 /* TRPieChartView.xib in Resources */ = {isa = PBXBuildFile; fileRef = 2276682519C4AC26009254D0 /* TRPieChartView.xib */; };
		2276682B19C4AD5F009254D0 /* SummaryView.m in Sources */ = {isa = PBXBuildFile; fileRef = 2276682A19C4AD5F009254D0 /* SummaryView.m */; };
		229EC4B719C502B3003556E9 /* PebbleKit.framework in Frameworks */ = {isa = PBXBuildFile; fileRef = 229EC4B619C502B3003556E9 /* PebbleKit.framework */; };
		229EC4B919C502BC003556E9 /* PebbleVendor.framework in Frameworks */ = {isa = PBXBuildFile; fileRef = 229EC4B819C502BC003556E9 /* PebbleVendor.framework */; };
		229EC4BB19C502CF003556E9 /* ExternalAccessory.framework in Frameworks */ = {isa = PBXBuildFile; fileRef = 229EC4BA19C502CF003556E9 /* ExternalAccessory.framework */; };
		229EC4BD19C502D6003556E9 /* libz.dylib in Frameworks */ = {isa = PBXBuildFile; fileRef = 229EC4BC19C502D6003556E9 /* libz.dylib */; };
		229EC4BF19C502DC003556E9 /* CoreBluetooth.framework in Frameworks */ = {isa = PBXBuildFile; fileRef = 229EC4BE19C502DC003556E9 /* CoreBluetooth.framework */; };
		229EC4C119C502E1003556E9 /* CoreMotion.framework in Frameworks */ = {isa = PBXBuildFile; fileRef = 229EC4C019C502E1003556E9 /* CoreMotion.framework */; };
		229EC4C319C502E6003556E9 /* CFNetwork.framework in Frameworks */ = {isa = PBXBuildFile; fileRef = 229EC4C219C502E6003556E9 /* CFNetwork.framework */; };
		229EC4C519C502EB003556E9 /* MessageUI.framework in Frameworks */ = {isa = PBXBuildFile; fileRef = 229EC4C419C502EB003556E9 /* MessageUI.framework */; };
		22A5DEE019C41AF30098B154 /* SummaryView.xib in Resources */ = {isa = PBXBuildFile; fileRef = 22A5DEDF19C41AF30098B154 /* SummaryView.xib */; };
		8B424D2719C5B68600743415 /* NutritionInfoViewController.m in Sources */ = {isa = PBXBuildFile; fileRef = 8B424D2619C5B68600743415 /* NutritionInfoViewController.m */; };
		8B4B085419C4ED2400DE5906 /* Icon-60.png in Resources */ = {isa = PBXBuildFile; fileRef = 8B4B084419C4ED2400DE5906 /* Icon-60.png */; };
		8B4B085519C4ED2400DE5906 /* Icon-60@2x.png in Resources */ = {isa = PBXBuildFile; fileRef = 8B4B084519C4ED2400DE5906 /* Icon-60@2x.png */; };
		8B4B085619C4ED2400DE5906 /* Icon-72.png in Resources */ = {isa = PBXBuildFile; fileRef = 8B4B084619C4ED2400DE5906 /* Icon-72.png */; };
		8B4B085719C4ED2400DE5906 /* Icon-72@2x.png in Resources */ = {isa = PBXBuildFile; fileRef = 8B4B084719C4ED2400DE5906 /* Icon-72@2x.png */; };
		8B4B085819C4ED2400DE5906 /* Icon-76.png in Resources */ = {isa = PBXBuildFile; fileRef = 8B4B084819C4ED2400DE5906 /* Icon-76.png */; };
		8B4B085919C4ED2400DE5906 /* Icon-76@2x.png in Resources */ = {isa = PBXBuildFile; fileRef = 8B4B084919C4ED2400DE5906 /* Icon-76@2x.png */; };
		8B4B085A19C4ED2400DE5906 /* Icon-Small-50.png in Resources */ = {isa = PBXBuildFile; fileRef = 8B4B084A19C4ED2400DE5906 /* Icon-Small-50.png */; };
		8B4B085B19C4ED2400DE5906 /* Icon-Small-50@2x.png in Resources */ = {isa = PBXBuildFile; fileRef = 8B4B084B19C4ED2400DE5906 /* Icon-Small-50@2x.png */; };
		8B4B085C19C4ED2400DE5906 /* Icon-Small.png in Resources */ = {isa = PBXBuildFile; fileRef = 8B4B084C19C4ED2400DE5906 /* Icon-Small.png */; };
		8B4B085D19C4ED2400DE5906 /* Icon-Small@2x.png in Resources */ = {isa = PBXBuildFile; fileRef = 8B4B084D19C4ED2400DE5906 /* Icon-Small@2x.png */; };
		8B4B085E19C4ED2400DE5906 /* Icon-Spotlight-40.png in Resources */ = {isa = PBXBuildFile; fileRef = 8B4B084E19C4ED2400DE5906 /* Icon-Spotlight-40.png */; };
		8B4B085F19C4ED2400DE5906 /* Icon-Spotlight-40@2x.png in Resources */ = {isa = PBXBuildFile; fileRef = 8B4B084F19C4ED2400DE5906 /* Icon-Spotlight-40@2x.png */; };
		8B4B086019C4ED2400DE5906 /* Icon.png in Resources */ = {isa = PBXBuildFile; fileRef = 8B4B085019C4ED2400DE5906 /* Icon.png */; };
		8B4B086119C4ED2400DE5906 /* Icon@2x.png in Resources */ = {isa = PBXBuildFile; fileRef = 8B4B085119C4ED2400DE5906 /* Icon@2x.png */; };
		8B4B086219C4ED2400DE5906 /* iTunesArtwork in Resources */ = {isa = PBXBuildFile; fileRef = 8B4B085219C4ED2400DE5906 /* iTunesArtwork */; };
		8B4B086319C4ED2400DE5906 /* iTunesArtwork@2x in Resources */ = {isa = PBXBuildFile; fileRef = 8B4B085319C4ED2400DE5906 /* iTunesArtwork@2x */; };
		8B83100A19C3EBCB007B2767 /* main.m in Sources */ = {isa = PBXBuildFile; fileRef = 8B83100919C3EBCB007B2767 /* main.m */; };
		8B83100D19C3EBCB007B2767 /* AppDelegate.m in Sources */ = {isa = PBXBuildFile; fileRef = 8B83100C19C3EBCB007B2767 /* AppDelegate.m */; };
		8B83101019C3EBCB007B2767 /* ViewController.m in Sources */ = {isa = PBXBuildFile; fileRef = 8B83100F19C3EBCB007B2767 /* ViewController.m */; };
		8B83101319C3EBCB007B2767 /* Main.storyboard in Resources */ = {isa = PBXBuildFile; fileRef = 8B83101119C3EBCB007B2767 /* Main.storyboard */; };
		8B83101519C3EBCB007B2767 /* Images.xcassets in Resources */ = {isa = PBXBuildFile; fileRef = 8B83101419C3EBCB007B2767 /* Images.xcassets */; };
		8B83101819C3EBCB007B2767 /* LaunchScreen.xib in Resources */ = {isa = PBXBuildFile; fileRef = 8B83101619C3EBCB007B2767 /* LaunchScreen.xib */; };
		8B83102419C3EBCB007B2767 /* TranquilityTests.m in Sources */ = {isa = PBXBuildFile; fileRef = 8B83102319C3EBCB007B2767 /* TranquilityTests.m */; };
		8B83102F19C3F9E6007B2767 /* FoodTableViewCell.m in Sources */ = {isa = PBXBuildFile; fileRef = 8B83102E19C3F9E6007B2767 /* FoodTableViewCell.m */; };
		8B83103619C3FC6B007B2767 /* UIScrollView+APParallaxHeader.m in Sources */ = {isa = PBXBuildFile; fileRef = 8B83103519C3FC6B007B2767 /* UIScrollView+APParallaxHeader.m */; };
		8BB2CF2119C4F47200F24F59 /* AddressBook.framework in Frameworks */ = {isa = PBXBuildFile; fileRef = 8BB2CF2019C4F47200F24F59 /* AddressBook.framework */; };
		8BB3695419C4E06F00D81D57 /* LoginViewController.m in Sources */ = {isa = PBXBuildFile; fileRef = 8BB3695319C4E06F00D81D57 /* LoginViewController.m */; };
		8BB3695719C4E5EE00D81D57 /* TRChart.m in Sources */ = {isa = PBXBuildFile; fileRef = 8BB3695619C4E5EE00D81D57 /* TRChart.m */; };
		8BB3695A19C4E5FA00D81D57 /* TRFood.m in Sources */ = {isa = PBXBuildFile; fileRef = 8BB3695919C4E5FA00D81D57 /* TRFood.m */; };
		8BB3695D19C4E9D800D81D57 /* DetailsViewController.m in Sources */ = {isa = PBXBuildFile; fileRef = 8BB3695C19C4E9D800D81D57 /* DetailsViewController.m */; };
		8BC6E74E19C4F67200BF9F7A /* AddressBookUI.framework in Frameworks */ = {isa = PBXBuildFile; fileRef = 8BC6E74D19C4F67200BF9F7A /* AddressBookUI.framework */; };
		8BCB5F8E19C4D85F00D4CBCA /* AFHTTPRequestOperation.m in Sources */ = {isa = PBXBuildFile; fileRef = 8BCB5F7C19C4D85F00D4CBCA /* AFHTTPRequestOperation.m */; };
		8BCB5F8F19C4D85F00D4CBCA /* AFHTTPRequestOperationManager.m in Sources */ = {isa = PBXBuildFile; fileRef = 8BCB5F7E19C4D85F00D4CBCA /* AFHTTPRequestOperationManager.m */; };
		8BCB5F9019C4D85F00D4CBCA /* AFHTTPSessionManager.m in Sources */ = {isa = PBXBuildFile; fileRef = 8BCB5F8019C4D85F00D4CBCA /* AFHTTPSessionManager.m */; };
		8BCB5F9119C4D85F00D4CBCA /* AFNetworkReachabilityManager.m in Sources */ = {isa = PBXBuildFile; fileRef = 8BCB5F8319C4D85F00D4CBCA /* AFNetworkReachabilityManager.m */; };
		8BCB5F9219C4D85F00D4CBCA /* AFSecurityPolicy.m in Sources */ = {isa = PBXBuildFile; fileRef = 8BCB5F8519C4D85F00D4CBCA /* AFSecurityPolicy.m */; };
		8BCB5F9319C4D85F00D4CBCA /* AFURLConnectionOperation.m in Sources */ = {isa = PBXBuildFile; fileRef = 8BCB5F8719C4D85F00D4CBCA /* AFURLConnectionOperation.m */; };
		8BCB5F9419C4D85F00D4CBCA /* AFURLRequestSerialization.m in Sources */ = {isa = PBXBuildFile; fileRef = 8BCB5F8919C4D85F00D4CBCA /* AFURLRequestSerialization.m */; };
		8BCB5F9519C4D85F00D4CBCA /* AFURLResponseSerialization.m in Sources */ = {isa = PBXBuildFile; fileRef = 8BCB5F8B19C4D85F00D4CBCA /* AFURLResponseSerialization.m */; };
		8BCB5F9619C4D85F00D4CBCA /* AFURLSessionManager.m in Sources */ = {isa = PBXBuildFile; fileRef = 8BCB5F8D19C4D85F00D4CBCA /* AFURLSessionManager.m */; };
		8BCB5F9A19C4D89F00D4CBCA /* TRAPIClient.m in Sources */ = {isa = PBXBuildFile; fileRef = 8BCB5F9919C4D89F00D4CBCA /* TRAPIClient.m */; };
/* End PBXBuildFile section */

/* Begin PBXContainerItemProxy section */
		8B83101E19C3EBCB007B2767 /* PBXContainerItemProxy */ = {
			isa = PBXContainerItemProxy;
			containerPortal = 8B830FFC19C3EBCB007B2767 /* Project object */;
			proxyType = 1;
			remoteGlobalIDString = 8B83100319C3EBCB007B2767;
			remoteInfo = Tranquility;
		};
/* End PBXContainerItemProxy section */

/* Begin PBXFileReference section */
		2276682119C4AC26009254D0 /* TRPieChart.h */ = {isa = PBXFileReference; fileEncoding = 4; lastKnownFileType = sourcecode.c.h; path = TRPieChart.h; sourceTree = "<group>"; };
		2276682219C4AC26009254D0 /* TRPieChart.m */ = {isa = PBXFileReference; fileEncoding = 4; lastKnownFileType = sourcecode.c.objc; path = TRPieChart.m; sourceTree = "<group>"; };
		2276682319C4AC26009254D0 /* TRPieChartView.h */ = {isa = PBXFileReference; fileEncoding = 4; lastKnownFileType = sourcecode.c.h; path = TRPieChartView.h; sourceTree = "<group>"; };
		2276682419C4AC26009254D0 /* TRPieChartView.m */ = {isa = PBXFileReference; fileEncoding = 4; lastKnownFileType = sourcecode.c.objc; path = TRPieChartView.m; sourceTree = "<group>"; };
		2276682519C4AC26009254D0 /* TRPieChartView.xib */ = {isa = PBXFileReference; fileEncoding = 4; lastKnownFileType = file.xib; path = TRPieChartView.xib; sourceTree = "<group>"; };
		2276682919C4AD5F009254D0 /* SummaryView.h */ = {isa = PBXFileReference; fileEncoding = 4; lastKnownFileType = sourcecode.c.h; path = SummaryView.h; sourceTree = "<group>"; };
		2276682A19C4AD5F009254D0 /* SummaryView.m */ = {isa = PBXFileReference; fileEncoding = 4; lastKnownFileType = sourcecode.c.objc; path = SummaryView.m; sourceTree = "<group>"; };
		229EC4B619C502B3003556E9 /* PebbleKit.framework */ = {isa = PBXFileReference; lastKnownFileType = wrapper.framework; path = PebbleKit.framework; sourceTree = "<group>"; };
		229EC4B819C502BC003556E9 /* PebbleVendor.framework */ = {isa = PBXFileReference; lastKnownFileType = wrapper.framework; path = PebbleVendor.framework; sourceTree = "<group>"; };
		229EC4BA19C502CF003556E9 /* ExternalAccessory.framework */ = {isa = PBXFileReference; lastKnownFileType = wrapper.framework; name = ExternalAccessory.framework; path = System/Library/Frameworks/ExternalAccessory.framework; sourceTree = SDKROOT; };
		229EC4BC19C502D6003556E9 /* libz.dylib */ = {isa = PBXFileReference; lastKnownFileType = "compiled.mach-o.dylib"; name = libz.dylib; path = usr/lib/libz.dylib; sourceTree = SDKROOT; };
		229EC4BE19C502DC003556E9 /* CoreBluetooth.framework */ = {isa = PBXFileReference; lastKnownFileType = wrapper.framework; name = CoreBluetooth.framework; path = System/Library/Frameworks/CoreBluetooth.framework; sourceTree = SDKROOT; };
		229EC4C019C502E1003556E9 /* CoreMotion.framework */ = {isa = PBXFileReference; lastKnownFileType = wrapper.framework; name = CoreMotion.framework; path = System/Library/Frameworks/CoreMotion.framework; sourceTree = SDKROOT; };
		229EC4C219C502E6003556E9 /* CFNetwork.framework */ = {isa = PBXFileReference; lastKnownFileType = wrapper.framework; name = CFNetwork.framework; path = System/Library/Frameworks/CFNetwork.framework; sourceTree = SDKROOT; };
		229EC4C419C502EB003556E9 /* MessageUI.framework */ = {isa = PBXFileReference; lastKnownFileType = wrapper.framework; name = MessageUI.framework; path = System/Library/Frameworks/MessageUI.framework; sourceTree = SDKROOT; };
		22A5DEDF19C41AF30098B154 /* SummaryView.xib */ = {isa = PBXFileReference; fileEncoding = 4; lastKnownFileType = file.xib; path = SummaryView.xib; sourceTree = "<group>"; };
		8B424D2519C5B68600743415 /* NutritionInfoViewController.h */ = {isa = PBXFileReference; fileEncoding = 4; lastKnownFileType = sourcecode.c.h; path = NutritionInfoViewController.h; sourceTree = "<group>"; };
		8B424D2619C5B68600743415 /* NutritionInfoViewController.m */ = {isa = PBXFileReference; fileEncoding = 4; lastKnownFileType = sourcecode.c.objc; path = NutritionInfoViewController.m; sourceTree = "<group>"; };
		8B4B084419C4ED2400DE5906 /* Icon-60.png */ = {isa = PBXFileReference; lastKnownFileType = image.png; path = "Icon-60.png"; sourceTree = "<group>"; };
		8B4B084519C4ED2400DE5906 /* Icon-60@2x.png */ = {isa = PBXFileReference; lastKnownFileType = image.png; path = "Icon-60@2x.png"; sourceTree = "<group>"; };
		8B4B084619C4ED2400DE5906 /* Icon-72.png */ = {isa = PBXFileReference; lastKnownFileType = image.png; path = "Icon-72.png"; sourceTree = "<group>"; };
		8B4B084719C4ED2400DE5906 /* Icon-72@2x.png */ = {isa = PBXFileReference; lastKnownFileType = image.png; path = "Icon-72@2x.png"; sourceTree = "<group>"; };
		8B4B084819C4ED2400DE5906 /* Icon-76.png */ = {isa = PBXFileReference; lastKnownFileType = image.png; path = "Icon-76.png"; sourceTree = "<group>"; };
		8B4B084919C4ED2400DE5906 /* Icon-76@2x.png */ = {isa = PBXFileReference; lastKnownFileType = image.png; path = "Icon-76@2x.png"; sourceTree = "<group>"; };
		8B4B084A19C4ED2400DE5906 /* Icon-Small-50.png */ = {isa = PBXFileReference; lastKnownFileType = image.png; path = "Icon-Small-50.png"; sourceTree = "<group>"; };
		8B4B084B19C4ED2400DE5906 /* Icon-Small-50@2x.png */ = {isa = PBXFileReference; lastKnownFileType = image.png; path = "Icon-Small-50@2x.png"; sourceTree = "<group>"; };
		8B4B084C19C4ED2400DE5906 /* Icon-Small.png */ = {isa = PBXFileReference; lastKnownFileType = image.png; path = "Icon-Small.png"; sourceTree = "<group>"; };
		8B4B084D19C4ED2400DE5906 /* Icon-Small@2x.png */ = {isa = PBXFileReference; lastKnownFileType = image.png; path = "Icon-Small@2x.png"; sourceTree = "<group>"; };
		8B4B084E19C4ED2400DE5906 /* Icon-Spotlight-40.png */ = {isa = PBXFileReference; lastKnownFileType = image.png; path = "Icon-Spotlight-40.png"; sourceTree = "<group>"; };
		8B4B084F19C4ED2400DE5906 /* Icon-Spotlight-40@2x.png */ = {isa = PBXFileReference; lastKnownFileType = image.png; path = "Icon-Spotlight-40@2x.png"; sourceTree = "<group>"; };
		8B4B085019C4ED2400DE5906 /* Icon.png */ = {isa = PBXFileReference; lastKnownFileType = image.png; path = Icon.png; sourceTree = "<group>"; };
		8B4B085119C4ED2400DE5906 /* Icon@2x.png */ = {isa = PBXFileReference; lastKnownFileType = image.png; path = "Icon@2x.png"; sourceTree = "<group>"; };
		8B4B085219C4ED2400DE5906 /* iTunesArtwork */ = {isa = PBXFileReference; lastKnownFileType = file; path = iTunesArtwork; sourceTree = "<group>"; };
		8B4B085319C4ED2400DE5906 /* iTunesArtwork@2x */ = {isa = PBXFileReference; lastKnownFileType = file; path = "iTunesArtwork@2x"; sourceTree = "<group>"; };
		8B83100419C3EBCB007B2767 /* Tranquility.app */ = {isa = PBXFileReference; explicitFileType = wrapper.application; includeInIndex = 0; path = Tranquility.app; sourceTree = BUILT_PRODUCTS_DIR; };
		8B83100819C3EBCB007B2767 /* Info.plist */ = {isa = PBXFileReference; lastKnownFileType = text.plist.xml; path = Info.plist; sourceTree = "<group>"; };
		8B83100919C3EBCB007B2767 /* main.m */ = {isa = PBXFileReference; lastKnownFileType = sourcecode.c.objc; path = main.m; sourceTree = "<group>"; };
		8B83100B19C3EBCB007B2767 /* AppDelegate.h */ = {isa = PBXFileReference; lastKnownFileType = sourcecode.c.h; path = AppDelegate.h; sourceTree = "<group>"; };
		8B83100C19C3EBCB007B2767 /* AppDelegate.m */ = {isa = PBXFileReference; lastKnownFileType = sourcecode.c.objc; path = AppDelegate.m; sourceTree = "<group>"; };
		8B83100E19C3EBCB007B2767 /* ViewController.h */ = {isa = PBXFileReference; lastKnownFileType = sourcecode.c.h; path = ViewController.h; sourceTree = "<group>"; };
		8B83100F19C3EBCB007B2767 /* ViewController.m */ = {isa = PBXFileReference; lastKnownFileType = sourcecode.c.objc; path = ViewController.m; sourceTree = "<group>"; };
		8B83101219C3EBCB007B2767 /* Base */ = {isa = PBXFileReference; lastKnownFileType = file.storyboard; name = Base; path = Base.lproj/Main.storyboard; sourceTree = "<group>"; };
		8B83101419C3EBCB007B2767 /* Images.xcassets */ = {isa = PBXFileReference; lastKnownFileType = folder.assetcatalog; path = Images.xcassets; sourceTree = "<group>"; };
		8B83101719C3EBCB007B2767 /* Base */ = {isa = PBXFileReference; lastKnownFileType = file.xib; name = Base; path = Base.lproj/LaunchScreen.xib; sourceTree = "<group>"; };
		8B83101D19C3EBCB007B2767 /* TranquilityTests.xctest */ = {isa = PBXFileReference; explicitFileType = wrapper.cfbundle; includeInIndex = 0; path = TranquilityTests.xctest; sourceTree = BUILT_PRODUCTS_DIR; };
		8B83102219C3EBCB007B2767 /* Info.plist */ = {isa = PBXFileReference; lastKnownFileType = text.plist.xml; path = Info.plist; sourceTree = "<group>"; };
		8B83102319C3EBCB007B2767 /* TranquilityTests.m */ = {isa = PBXFileReference; lastKnownFileType = sourcecode.c.objc; path = TranquilityTests.m; sourceTree = "<group>"; };
		8B83102D19C3F9E6007B2767 /* FoodTableViewCell.h */ = {isa = PBXFileReference; fileEncoding = 4; lastKnownFileType = sourcecode.c.h; path = FoodTableViewCell.h; sourceTree = "<group>"; };
		8B83102E19C3F9E6007B2767 /* FoodTableViewCell.m */ = {isa = PBXFileReference; fileEncoding = 4; lastKnownFileType = sourcecode.c.objc; path = FoodTableViewCell.m; sourceTree = "<group>"; };
		8B83103419C3FC6B007B2767 /* UIScrollView+APParallaxHeader.h */ = {isa = PBXFileReference; fileEncoding = 4; lastKnownFileType = sourcecode.c.h; path = "UIScrollView+APParallaxHeader.h"; sourceTree = "<group>"; };
		8B83103519C3FC6B007B2767 /* UIScrollView+APParallaxHeader.m */ = {isa = PBXFileReference; fileEncoding = 4; lastKnownFileType = sourcecode.c.objc; path = "UIScrollView+APParallaxHeader.m"; sourceTree = "<group>"; };
		8BB2CF2019C4F47200F24F59 /* AddressBook.framework */ = {isa = PBXFileReference; lastKnownFileType = wrapper.framework; name = AddressBook.framework; path = System/Library/Frameworks/AddressBook.framework; sourceTree = SDKROOT; };
		8BB3695219C4E06F00D81D57 /* LoginViewController.h */ = {isa = PBXFileReference; fileEncoding = 4; lastKnownFileType = sourcecode.c.h; path = LoginViewController.h; sourceTree = "<group>"; };
		8BB3695319C4E06F00D81D57 /* LoginViewController.m */ = {isa = PBXFileReference; fileEncoding = 4; lastKnownFileType = sourcecode.c.objc; path = LoginViewController.m; sourceTree = "<group>"; };
		8BB3695519C4E5EE00D81D57 /* TRChart.h */ = {isa = PBXFileReference; fileEncoding = 4; lastKnownFileType = sourcecode.c.h; path = TRChart.h; sourceTree = "<group>"; };
		8BB3695619C4E5EE00D81D57 /* TRChart.m */ = {isa = PBXFileReference; fileEncoding = 4; lastKnownFileType = sourcecode.c.objc; path = TRChart.m; sourceTree = "<group>"; };
		8BB3695819C4E5FA00D81D57 /* TRFood.h */ = {isa = PBXFileReference; fileEncoding = 4; lastKnownFileType = sourcecode.c.h; path = TRFood.h; sourceTree = "<group>"; };
		8BB3695919C4E5FA00D81D57 /* TRFood.m */ = {isa = PBXFileReference; fileEncoding = 4; lastKnownFileType = sourcecode.c.objc; path = TRFood.m; sourceTree = "<group>"; };
		8BB3695B19C4E9D800D81D57 /* DetailsViewController.h */ = {isa = PBXFileReference; fileEncoding = 4; lastKnownFileType = sourcecode.c.h; path = DetailsViewController.h; sourceTree = "<group>"; };
		8BB3695C19C4E9D800D81D57 /* DetailsViewController.m */ = {isa = PBXFileReference; fileEncoding = 4; lastKnownFileType = sourcecode.c.objc; path = DetailsViewController.m; sourceTree = "<group>"; };
		8BC6E74D19C4F67200BF9F7A /* AddressBookUI.framework */ = {isa = PBXFileReference; lastKnownFileType = wrapper.framework; name = AddressBookUI.framework; path = System/Library/Frameworks/AddressBookUI.framework; sourceTree = SDKROOT; };
		8BCB5F7B19C4D85F00D4CBCA /* AFHTTPRequestOperation.h */ = {isa = PBXFileReference; fileEncoding = 4; lastKnownFileType = sourcecode.c.h; path = AFHTTPRequestOperation.h; sourceTree = "<group>"; };
		8BCB5F7C19C4D85F00D4CBCA /* AFHTTPRequestOperation.m */ = {isa = PBXFileReference; fileEncoding = 4; lastKnownFileType = sourcecode.c.objc; path = AFHTTPRequestOperation.m; sourceTree = "<group>"; };
		8BCB5F7D19C4D85F00D4CBCA /* AFHTTPRequestOperationManager.h */ = {isa = PBXFileReference; fileEncoding = 4; lastKnownFileType = sourcecode.c.h; path = AFHTTPRequestOperationManager.h; sourceTree = "<group>"; };
		8BCB5F7E19C4D85F00D4CBCA /* AFHTTPRequestOperationManager.m */ = {isa = PBXFileReference; fileEncoding = 4; lastKnownFileType = sourcecode.c.objc; path = AFHTTPRequestOperationManager.m; sourceTree = "<group>"; };
		8BCB5F7F19C4D85F00D4CBCA /* AFHTTPSessionManager.h */ = {isa = PBXFileReference; fileEncoding = 4; lastKnownFileType = sourcecode.c.h; path = AFHTTPSessionManager.h; sourceTree = "<group>"; };
		8BCB5F8019C4D85F00D4CBCA /* AFHTTPSessionManager.m */ = {isa = PBXFileReference; fileEncoding = 4; lastKnownFileType = sourcecode.c.objc; path = AFHTTPSessionManager.m; sourceTree = "<group>"; };
		8BCB5F8119C4D85F00D4CBCA /* AFNetworking.h */ = {isa = PBXFileReference; fileEncoding = 4; lastKnownFileType = sourcecode.c.h; path = AFNetworking.h; sourceTree = "<group>"; };
		8BCB5F8219C4D85F00D4CBCA /* AFNetworkReachabilityManager.h */ = {isa = PBXFileReference; fileEncoding = 4; lastKnownFileType = sourcecode.c.h; path = AFNetworkReachabilityManager.h; sourceTree = "<group>"; };
		8BCB5F8319C4D85F00D4CBCA /* AFNetworkReachabilityManager.m */ = {isa = PBXFileReference; fileEncoding = 4; lastKnownFileType = sourcecode.c.objc; path = AFNetworkReachabilityManager.m; sourceTree = "<group>"; };
		8BCB5F8419C4D85F00D4CBCA /* AFSecurityPolicy.h */ = {isa = PBXFileReference; fileEncoding = 4; lastKnownFileType = sourcecode.c.h; path = AFSecurityPolicy.h; sourceTree = "<group>"; };
		8BCB5F8519C4D85F00D4CBCA /* AFSecurityPolicy.m */ = {isa = PBXFileReference; fileEncoding = 4; lastKnownFileType = sourcecode.c.objc; path = AFSecurityPolicy.m; sourceTree = "<group>"; };
		8BCB5F8619C4D85F00D4CBCA /* AFURLConnectionOperation.h */ = {isa = PBXFileReference; fileEncoding = 4; lastKnownFileType = sourcecode.c.h; path = AFURLConnectionOperation.h; sourceTree = "<group>"; };
		8BCB5F8719C4D85F00D4CBCA /* AFURLConnectionOperation.m */ = {isa = PBXFileReference; fileEncoding = 4; lastKnownFileType = sourcecode.c.objc; path = AFURLConnectionOperation.m; sourceTree = "<group>"; };
		8BCB5F8819C4D85F00D4CBCA /* AFURLRequestSerialization.h */ = {isa = PBXFileReference; fileEncoding = 4; lastKnownFileType = sourcecode.c.h; path = AFURLRequestSerialization.h; sourceTree = "<group>"; };
		8BCB5F8919C4D85F00D4CBCA /* AFURLRequestSerialization.m */ = {isa = PBXFileReference; fileEncoding = 4; lastKnownFileType = sourcecode.c.objc; path = AFURLRequestSerialization.m; sourceTree = "<group>"; };
		8BCB5F8A19C4D85F00D4CBCA /* AFURLResponseSerialization.h */ = {isa = PBXFileReference; fileEncoding = 4; lastKnownFileType = sourcecode.c.h; path = AFURLResponseSerialization.h; sourceTree = "<group>"; };
		8BCB5F8B19C4D85F00D4CBCA /* AFURLResponseSerialization.m */ = {isa = PBXFileReference; fileEncoding = 4; lastKnownFileType = sourcecode.c.objc; path = AFURLResponseSerialization.m; sourceTree = "<group>"; };
		8BCB5F8C19C4D85F00D4CBCA /* AFURLSessionManager.h */ = {isa = PBXFileReference; fileEncoding = 4; lastKnownFileType = sourcecode.c.h; path = AFURLSessionManager.h; sourceTree = "<group>"; };
		8BCB5F8D19C4D85F00D4CBCA /* AFURLSessionManager.m */ = {isa = PBXFileReference; fileEncoding = 4; lastKnownFileType = sourcecode.c.objc; path = AFURLSessionManager.m; sourceTree = "<group>"; };
		8BCB5F9819C4D89F00D4CBCA /* TRAPIClient.h */ = {isa = PBXFileReference; fileEncoding = 4; lastKnownFileType = sourcecode.c.h; path = TRAPIClient.h; sourceTree = "<group>"; };
		8BCB5F9919C4D89F00D4CBCA /* TRAPIClient.m */ = {isa = PBXFileReference; fileEncoding = 4; lastKnownFileType = sourcecode.c.objc; path = TRAPIClient.m; sourceTree = "<group>"; };
/* End PBXFileReference section */

/* Begin PBXFrameworksBuildPhase section */
		8B83100119C3EBCB007B2767 /* Frameworks */ = {
			isa = PBXFrameworksBuildPhase;
			buildActionMask = 2147483647;
			files = (
				229EC4C519C502EB003556E9 /* MessageUI.framework in Frameworks */,
				229EC4C319C502E6003556E9 /* CFNetwork.framework in Frameworks */,
				229EC4C119C502E1003556E9 /* CoreMotion.framework in Frameworks */,
				229EC4BF19C502DC003556E9 /* CoreBluetooth.framework in Frameworks */,
				229EC4BD19C502D6003556E9 /* libz.dylib in Frameworks */,
				229EC4BB19C502CF003556E9 /* ExternalAccessory.framework in Frameworks */,
				229EC4B919C502BC003556E9 /* PebbleVendor.framework in Frameworks */,
				229EC4B719C502B3003556E9 /* PebbleKit.framework in Frameworks */,
				8BC6E74E19C4F67200BF9F7A /* AddressBookUI.framework in Frameworks */,
				8BB2CF2119C4F47200F24F59 /* AddressBook.framework in Frameworks */,
			);
			runOnlyForDeploymentPostprocessing = 0;
		};
		8B83101A19C3EBCB007B2767 /* Frameworks */ = {
			isa = PBXFrameworksBuildPhase;
			buildActionMask = 2147483647;
			files = (
			);
			runOnlyForDeploymentPostprocessing = 0;
		};
/* End PBXFrameworksBuildPhase section */

/* Begin PBXGroup section */
		2276682019C4AC1D009254D0 /* TRPieChart */ = {
			isa = PBXGroup;
			children = (
				2276682119C4AC26009254D0 /* TRPieChart.h */,
				2276682219C4AC26009254D0 /* TRPieChart.m */,
				2276682319C4AC26009254D0 /* TRPieChartView.h */,
				2276682419C4AC26009254D0 /* TRPieChartView.m */,
				2276682519C4AC26009254D0 /* TRPieChartView.xib */,
			);
			name = TRPieChart;
			sourceTree = "<group>";
		};
		229EC4C619C50339003556E9 /* Frameworks */ = {
			isa = PBXGroup;
			children = (
				8BC6E74D19C4F67200BF9F7A /* AddressBookUI.framework */,
				8BB2CF2019C4F47200F24F59 /* AddressBook.framework */,
				229EC4C419C502EB003556E9 /* MessageUI.framework */,
				229EC4C219C502E6003556E9 /* CFNetwork.framework */,
				229EC4BC19C502D6003556E9 /* libz.dylib */,
				229EC4C019C502E1003556E9 /* CoreMotion.framework */,
				229EC4BE19C502DC003556E9 /* CoreBluetooth.framework */,
				229EC4BA19C502CF003556E9 /* ExternalAccessory.framework */,
				229EC4B819C502BC003556E9 /* PebbleVendor.framework */,
				229EC4B619C502B3003556E9 /* PebbleKit.framework */,
			);
			name = Frameworks;
			path = Tranquility;
			sourceTree = "<group>";
		};
		8B830FFB19C3EBCB007B2767 = {
			isa = PBXGroup;
			children = (
				229EC4C619C50339003556E9 /* Frameworks */,
				8B83100619C3EBCB007B2767 /* Tranquility */,
				8B83102019C3EBCB007B2767 /* TranquilityTests */,
				8B83100519C3EBCB007B2767 /* Products */,
			);
			sourceTree = "<group>";
		};
		8B83100519C3EBCB007B2767 /* Products */ = {
			isa = PBXGroup;
			children = (
				8B83100419C3EBCB007B2767 /* Tranquility.app */,
				8B83101D19C3EBCB007B2767 /* TranquilityTests.xctest */,
			);
			name = Products;
			sourceTree = "<group>";
		};
		8B83100619C3EBCB007B2767 /* Tranquility */ = {
			isa = PBXGroup;
			children = (
				8BCB5F7A19C4D85F00D4CBCA /* AFNetworking */,
				8BCB5F9719C4D88700D4CBCA /* TRAPIClient */,
				2276682019C4AC1D009254D0 /* TRPieChart */,
				8B83103319C3FC59007B2767 /* APParallaxHeader */,
				8B83100B19C3EBCB007B2767 /* AppDelegate.h */,
				8B83100C19C3EBCB007B2767 /* AppDelegate.m */,
				8B83100E19C3EBCB007B2767 /* ViewController.h */,
				8B83100F19C3EBCB007B2767 /* ViewController.m */,
				8B83102D19C3F9E6007B2767 /* FoodTableViewCell.h */,
				8B83102E19C3F9E6007B2767 /* FoodTableViewCell.m */,
				8BB3695B19C4E9D800D81D57 /* DetailsViewController.h */,
				8BB3695C19C4E9D800D81D57 /* DetailsViewController.m */,
				8B83101119C3EBCB007B2767 /* Main.storyboard */,
				8BB3695219C4E06F00D81D57 /* LoginViewController.h */,
				8BB3695319C4E06F00D81D57 /* LoginViewController.m */,
				22A5DEDF19C41AF30098B154 /* SummaryView.xib */,
				8B83101419C3EBCB007B2767 /* Images.xcassets */,
				8B83101619C3EBCB007B2767 /* LaunchScreen.xib */,
				8B83100719C3EBCB007B2767 /* Supporting Files */,
				2276682919C4AD5F009254D0 /* SummaryView.h */,
				2276682A19C4AD5F009254D0 /* SummaryView.m */,
				8B424D2519C5B68600743415 /* NutritionInfoViewController.h */,
				8B424D2619C5B68600743415 /* NutritionInfoViewController.m */,
			);
			path = Tranquility;
			sourceTree = "<group>";
		};
		8B83100719C3EBCB007B2767 /* Supporting Files */ = {
			isa = PBXGroup;
			children = (
				8B4B084419C4ED2400DE5906 /* Icon-60.png */,
				8B4B084519C4ED2400DE5906 /* Icon-60@2x.png */,
				8B4B084619C4ED2400DE5906 /* Icon-72.png */,
				8B4B084719C4ED2400DE5906 /* Icon-72@2x.png */,
				8B4B084819C4ED2400DE5906 /* Icon-76.png */,
				8B4B084919C4ED2400DE5906 /* Icon-76@2x.png */,
				8B4B084A19C4ED2400DE5906 /* Icon-Small-50.png */,
				8B4B084B19C4ED2400DE5906 /* Icon-Small-50@2x.png */,
				8B4B084C19C4ED2400DE5906 /* Icon-Small.png */,
				8B4B084D19C4ED2400DE5906 /* Icon-Small@2x.png */,
				8B4B084E19C4ED2400DE5906 /* Icon-Spotlight-40.png */,
				8B4B084F19C4ED2400DE5906 /* Icon-Spotlight-40@2x.png */,
				8B4B085019C4ED2400DE5906 /* Icon.png */,
				8B4B085119C4ED2400DE5906 /* Icon@2x.png */,
				8B4B085219C4ED2400DE5906 /* iTunesArtwork */,
				8B4B085319C4ED2400DE5906 /* iTunesArtwork@2x */,
				8B83100819C3EBCB007B2767 /* Info.plist */,
				8B83100919C3EBCB007B2767 /* main.m */,
			);
			name = "Supporting Files";
			sourceTree = "<group>";
		};
		8B83102019C3EBCB007B2767 /* TranquilityTests */ = {
			isa = PBXGroup;
			children = (
				8B83102319C3EBCB007B2767 /* TranquilityTests.m */,
				8B83102119C3EBCB007B2767 /* Supporting Files */,
			);
			path = TranquilityTests;
			sourceTree = "<group>";
		};
		8B83102119C3EBCB007B2767 /* Supporting Files */ = {
			isa = PBXGroup;
			children = (
				8B83102219C3EBCB007B2767 /* Info.plist */,
			);
			name = "Supporting Files";
			sourceTree = "<group>";
		};
		8B83103319C3FC59007B2767 /* APParallaxHeader */ = {
			isa = PBXGroup;
			children = (
				8B83103419C3FC6B007B2767 /* UIScrollView+APParallaxHeader.h */,
				8B83103519C3FC6B007B2767 /* UIScrollView+APParallaxHeader.m */,
			);
			name = APParallaxHeader;
			sourceTree = "<group>";
		};
		8BCB5F7A19C4D85F00D4CBCA /* AFNetworking */ = {
			isa = PBXGroup;
			children = (
				8BCB5F7B19C4D85F00D4CBCA /* AFHTTPRequestOperation.h */,
				8BCB5F7C19C4D85F00D4CBCA /* AFHTTPRequestOperation.m */,
				8BCB5F7D19C4D85F00D4CBCA /* AFHTTPRequestOperationManager.h */,
				8BCB5F7E19C4D85F00D4CBCA /* AFHTTPRequestOperationManager.m */,
				8BCB5F7F19C4D85F00D4CBCA /* AFHTTPSessionManager.h */,
				8BCB5F8019C4D85F00D4CBCA /* AFHTTPSessionManager.m */,
				8BCB5F8119C4D85F00D4CBCA /* AFNetworking.h */,
				8BCB5F8219C4D85F00D4CBCA /* AFNetworkReachabilityManager.h */,
				8BCB5F8319C4D85F00D4CBCA /* AFNetworkReachabilityManager.m */,
				8BCB5F8419C4D85F00D4CBCA /* AFSecurityPolicy.h */,
				8BCB5F8519C4D85F00D4CBCA /* AFSecurityPolicy.m */,
				8BCB5F8619C4D85F00D4CBCA /* AFURLConnectionOperation.h */,
				8BCB5F8719C4D85F00D4CBCA /* AFURLConnectionOperation.m */,
				8BCB5F8819C4D85F00D4CBCA /* AFURLRequestSerialization.h */,
				8BCB5F8919C4D85F00D4CBCA /* AFURLRequestSerialization.m */,
				8BCB5F8A19C4D85F00D4CBCA /* AFURLResponseSerialization.h */,
				8BCB5F8B19C4D85F00D4CBCA /* AFURLResponseSerialization.m */,
				8BCB5F8C19C4D85F00D4CBCA /* AFURLSessionManager.h */,
				8BCB5F8D19C4D85F00D4CBCA /* AFURLSessionManager.m */,
			);
			path = AFNetworking;
			sourceTree = "<group>";
		};
		8BCB5F9719C4D88700D4CBCA /* TRAPIClient */ = {
			isa = PBXGroup;
			children = (
				8BCB5F9819C4D89F00D4CBCA /* TRAPIClient.h */,
				8BCB5F9919C4D89F00D4CBCA /* TRAPIClient.m */,
				8BB3695519C4E5EE00D81D57 /* TRChart.h */,
				8BB3695619C4E5EE00D81D57 /* TRChart.m */,
				8BB3695819C4E5FA00D81D57 /* TRFood.h */,
				8BB3695919C4E5FA00D81D57 /* TRFood.m */,
			);
			name = TRAPIClient;
			sourceTree = "<group>";
		};
/* End PBXGroup section */

/* Begin PBXNativeTarget section */
		8B83100319C3EBCB007B2767 /* Tranquility */ = {
			isa = PBXNativeTarget;
			buildConfigurationList = 8B83102719C3EBCB007B2767 /* Build configuration list for PBXNativeTarget "Tranquility" */;
			buildPhases = (
				8B83100019C3EBCB007B2767 /* Sources */,
				8B83100119C3EBCB007B2767 /* Frameworks */,
				8B83100219C3EBCB007B2767 /* Resources */,
			);
			buildRules = (
			);
			dependencies = (
			);
			name = Tranquility;
			productName = Tranquility;
			productReference = 8B83100419C3EBCB007B2767 /* Tranquility.app */;
			productType = "com.apple.product-type.application";
		};
		8B83101C19C3EBCB007B2767 /* TranquilityTests */ = {
			isa = PBXNativeTarget;
			buildConfigurationList = 8B83102A19C3EBCB007B2767 /* Build configuration list for PBXNativeTarget "TranquilityTests" */;
			buildPhases = (
				8B83101919C3EBCB007B2767 /* Sources */,
				8B83101A19C3EBCB007B2767 /* Frameworks */,
				8B83101B19C3EBCB007B2767 /* Resources */,
			);
			buildRules = (
			);
			dependencies = (
				8B83101F19C3EBCB007B2767 /* PBXTargetDependency */,
			);
			name = TranquilityTests;
			productName = TranquilityTests;
			productReference = 8B83101D19C3EBCB007B2767 /* TranquilityTests.xctest */;
			productType = "com.apple.product-type.bundle.unit-test";
		};
/* End PBXNativeTarget section */

/* Begin PBXProject section */
		8B830FFC19C3EBCB007B2767 /* Project object */ = {
			isa = PBXProject;
			attributes = {
				LastUpgradeCheck = 0600;
				ORGANIZATIONNAME = "Isaiah Turner";
				TargetAttributes = {
					8B83100319C3EBCB007B2767 = {
						CreatedOnToolsVersion = 6.0;
					};
					8B83101C19C3EBCB007B2767 = {
						CreatedOnToolsVersion = 6.0;
						TestTargetID = 8B83100319C3EBCB007B2767;
					};
				};
			};
			buildConfigurationList = 8B830FFF19C3EBCB007B2767 /* Build configuration list for PBXProject "Tranquility" */;
			compatibilityVersion = "Xcode 3.2";
			developmentRegion = English;
			hasScannedForEncodings = 0;
			knownRegions = (
				en,
				Base,
			);
			mainGroup = 8B830FFB19C3EBCB007B2767;
			productRefGroup = 8B83100519C3EBCB007B2767 /* Products */;
			projectDirPath = "";
			projectRoot = "";
			targets = (
				8B83100319C3EBCB007B2767 /* Tranquility */,
				8B83101C19C3EBCB007B2767 /* TranquilityTests */,
			);
		};
/* End PBXProject section */

/* Begin PBXResourcesBuildPhase section */
		8B83100219C3EBCB007B2767 /* Resources */ = {
			isa = PBXResourcesBuildPhase;
			buildActionMask = 2147483647;
			files = (
				8B4B086019C4ED2400DE5906 /* Icon.png in Resources */,
				22A5DEE019C41AF30098B154 /* SummaryView.xib in Resources */,
				8B83101319C3EBCB007B2767 /* Main.storyboard in Resources */,
				8B4B086219C4ED2400DE5906 /* iTunesArtwork in Resources */,
				8B4B085719C4ED2400DE5906 /* Icon-72@2x.png in Resources */,
				8B4B085D19C4ED2400DE5906 /* Icon-Small@2x.png in Resources */,
				8B4B085419C4ED2400DE5906 /* Icon-60.png in Resources */,
				8B4B085519C4ED2400DE5906 /* Icon-60@2x.png in Resources */,
				8B4B085919C4ED2400DE5906 /* Icon-76@2x.png in Resources */,
				8B4B086319C4ED2400DE5906 /* iTunesArtwork@2x in Resources */,
				2276682819C4AC26009254D0 /* TRPieChartView.xib in Resources */,
				8B4B085619C4ED2400DE5906 /* Icon-72.png in Resources */,
				8B4B085C19C4ED2400DE5906 /* Icon-Small.png in Resources */,
				8B4B085819C4ED2400DE5906 /* Icon-76.png in Resources */,
				8B4B085B19C4ED2400DE5906 /* Icon-Small-50@2x.png in Resources */,
				8B4B085A19C4ED2400DE5906 /* Icon-Small-50.png in Resources */,
				8B4B085E19C4ED2400DE5906 /* Icon-Spotlight-40.png in Resources */,
				8B4B086119C4ED2400DE5906 /* Icon@2x.png in Resources */,
				8B4B085F19C4ED2400DE5906 /* Icon-Spotlight-40@2x.png in Resources */,
				8B83101819C3EBCB007B2767 /* LaunchScreen.xib in Resources */,
				8B83101519C3EBCB007B2767 /* Images.xcassets in Resources */,
			);
			runOnlyForDeploymentPostprocessing = 0;
		};
		8B83101B19C3EBCB007B2767 /* Resources */ = {
			isa = PBXResourcesBuildPhase;
			buildActionMask = 2147483647;
			files = (
			);
			runOnlyForDeploymentPostprocessing = 0;
		};
/* End PBXResourcesBuildPhase section */

/* Begin PBXSourcesBuildPhase section */
		8B83100019C3EBCB007B2767 /* Sources */ = {
			isa = PBXSourcesBuildPhase;
			buildActionMask = 2147483647;
			files = (
				8BCB5F9219C4D85F00D4CBCA /* AFSecurityPolicy.m in Sources */,
				8B83101019C3EBCB007B2767 /* ViewController.m in Sources */,
				8B424D2719C5B68600743415 /* NutritionInfoViewController.m in Sources */,
				8BCB5F9119C4D85F00D4CBCA /* AFNetworkReachabilityManager.m in Sources */,
				8BB3695419C4E06F00D81D57 /* LoginViewController.m in Sources */,
				8BCB5F9319C4D85F00D4CBCA /* AFURLConnectionOperation.m in Sources */,
				8BCB5F8E19C4D85F00D4CBCA /* AFHTTPRequestOperation.m in Sources */,
				8BCB5F9019C4D85F00D4CBCA /* AFHTTPSessionManager.m in Sources */,
				8BCB5F9419C4D85F00D4CBCA /* AFURLRequestSerialization.m in Sources */,
				8B83102F19C3F9E6007B2767 /* FoodTableViewCell.m in Sources */,
				8BB3695719C4E5EE00D81D57 /* TRChart.m in Sources */,
				8BCB5F9619C4D85F00D4CBCA /* AFURLSessionManager.m in Sources */,
				8B83100D19C3EBCB007B2767 /* AppDelegate.m in Sources */,
				8BCB5F8F19C4D85F00D4CBCA /* AFHTTPRequestOperationManager.m in Sources */,
				8BB3695D19C4E9D800D81D57 /* DetailsViewController.m in Sources */,
				2276682719C4AC26009254D0 /* TRPieChartView.m in Sources */,
				8BCB5F9A19C4D89F00D4CBCA /* TRAPIClient.m in Sources */,
				8BCB5F9519C4D85F00D4CBCA /* AFURLResponseSerialization.m in Sources */,
				8B83103619C3FC6B007B2767 /* UIScrollView+APParallaxHeader.m in Sources */,
				8B83100A19C3EBCB007B2767 /* main.m in Sources */,
				2276682B19C4AD5F009254D0 /* SummaryView.m in Sources */,
				2276682619C4AC26009254D0 /* TRPieChart.m in Sources */,
				8BB3695A19C4E5FA00D81D57 /* TRFood.m in Sources */,
			);
			runOnlyForDeploymentPostprocessing = 0;
		};
		8B83101919C3EBCB007B2767 /* Sources */ = {
			isa = PBXSourcesBuildPhase;
			buildActionMask = 2147483647;
			files = (
				8B83102419C3EBCB007B2767 /* TranquilityTests.m in Sources */,
			);
			runOnlyForDeploymentPostprocessing = 0;
		};
/* End PBXSourcesBuildPhase section */

/* Begin PBXTargetDependency section */
		8B83101F19C3EBCB007B2767 /* PBXTargetDependency */ = {
			isa = PBXTargetDependency;
			target = 8B83100319C3EBCB007B2767 /* Tranquility */;
			targetProxy = 8B83101E19C3EBCB007B2767 /* PBXContainerItemProxy */;
		};
/* End PBXTargetDependency section */

/* Begin PBXVariantGroup section */
		8B83101119C3EBCB007B2767 /* Main.storyboard */ = {
			isa = PBXVariantGroup;
			children = (
				8B83101219C3EBCB007B2767 /* Base */,
			);
			name = Main.storyboard;
			sourceTree = "<group>";
		};
		8B83101619C3EBCB007B2767 /* LaunchScreen.xib */ = {
			isa = PBXVariantGroup;
			children = (
				8B83101719C3EBCB007B2767 /* Base */,
			);
			name = LaunchScreen.xib;
			sourceTree = "<group>";
		};
/* End PBXVariantGroup section */

/* Begin XCBuildConfiguration section */
		8B83102519C3EBCB007B2767 /* Debug */ = {
			isa = XCBuildConfiguration;
			buildSettings = {
				ALWAYS_SEARCH_USER_PATHS = NO;
				CLANG_CXX_LANGUAGE_STANDARD = "gnu++0x";
				CLANG_CXX_LIBRARY = "libc++";
				CLANG_ENABLE_MODULES = YES;
				CLANG_ENABLE_OBJC_ARC = YES;
				CLANG_WARN_BOOL_CONVERSION = YES;
				CLANG_WARN_CONSTANT_CONVERSION = YES;
				CLANG_WARN_DIRECT_OBJC_ISA_USAGE = YES_ERROR;
				CLANG_WARN_EMPTY_BODY = YES;
				CLANG_WARN_ENUM_CONVERSION = YES;
				CLANG_WARN_INT_CONVERSION = YES;
				CLANG_WARN_OBJC_ROOT_CLASS = YES_ERROR;
				CLANG_WARN_UNREACHABLE_CODE = YES;
				CLANG_WARN__DUPLICATE_METHOD_MATCH = YES;
				"CODE_SIGN_IDENTITY[sdk=iphoneos*]" = "iPhone Developer";
				COPY_PHASE_STRIP = NO;
				ENABLE_STRICT_OBJC_MSGSEND = YES;
				GCC_C_LANGUAGE_STANDARD = gnu99;
				GCC_DYNAMIC_NO_PIC = NO;
				GCC_OPTIMIZATION_LEVEL = 0;
				GCC_PREPROCESSOR_DEFINITIONS = (
					"DEBUG=1",
					"$(inherited)",
				);
				GCC_SYMBOLS_PRIVATE_EXTERN = NO;
				GCC_WARN_64_TO_32_BIT_CONVERSION = YES;
				GCC_WARN_ABOUT_RETURN_TYPE = YES_ERROR;
				GCC_WARN_UNDECLARED_SELECTOR = YES;
				GCC_WARN_UNINITIALIZED_AUTOS = YES_AGGRESSIVE;
				GCC_WARN_UNUSED_FUNCTION = YES;
				GCC_WARN_UNUSED_VARIABLE = YES;
				IPHONEOS_DEPLOYMENT_TARGET = 7.0;
				MTL_ENABLE_DEBUG_INFO = YES;
				ONLY_ACTIVE_ARCH = YES;
				SDKROOT = iphoneos;
			};
			name = Debug;
		};
		8B83102619C3EBCB007B2767 /* Release */ = {
			isa = XCBuildConfiguration;
			buildSettings = {
				ALWAYS_SEARCH_USER_PATHS = NO;
				CLANG_CXX_LANGUAGE_STANDARD = "gnu++0x";
				CLANG_CXX_LIBRARY = "libc++";
				CLANG_ENABLE_MODULES = YES;
				CLANG_ENABLE_OBJC_ARC = YES;
				CLANG_WARN_BOOL_CONVERSION = YES;
				CLANG_WARN_CONSTANT_CONVERSION = YES;
				CLANG_WARN_DIRECT_OBJC_ISA_USAGE = YES_ERROR;
				CLANG_WARN_EMPTY_BODY = YES;
				CLANG_WARN_ENUM_CONVERSION = YES;
				CLANG_WARN_INT_CONVERSION = YES;
				CLANG_WARN_OBJC_ROOT_CLASS = YES_ERROR;
				CLANG_WARN_UNREACHABLE_CODE = YES;
				CLANG_WARN__DUPLICATE_METHOD_MATCH = YES;
				"CODE_SIGN_IDENTITY[sdk=iphoneos*]" = "iPhone Developer";
				COPY_PHASE_STRIP = YES;
				ENABLE_NS_ASSERTIONS = NO;
				ENABLE_STRICT_OBJC_MSGSEND = YES;
				GCC_C_LANGUAGE_STANDARD = gnu99;
				GCC_WARN_64_TO_32_BIT_CONVERSION = YES;
				GCC_WARN_ABOUT_RETURN_TYPE = YES_ERROR;
				GCC_WARN_UNDECLARED_SELECTOR = YES;
				GCC_WARN_UNINITIALIZED_AUTOS = YES_AGGRESSIVE;
				GCC_WARN_UNUSED_FUNCTION = YES;
				GCC_WARN_UNUSED_VARIABLE = YES;
				IPHONEOS_DEPLOYMENT_TARGET = 7.0;
				MTL_ENABLE_DEBUG_INFO = NO;
				SDKROOT = iphoneos;
				VALIDATE_PRODUCT = YES;
			};
			name = Release;
		};
		8B83102819C3EBCB007B2767 /* Debug */ = {
			isa = XCBuildConfiguration;
			buildSettings = {
				ASSETCATALOG_COMPILER_LAUNCHIMAGE_NAME = LaunchImage;
				FRAMEWORK_SEARCH_PATHS = (
					"$(inherited)",
					"$(PROJECT_DIR)/Tranquility",
				);
				INFOPLIST_FILE = Tranquility/Info.plist;
				IPHONEOS_DEPLOYMENT_TARGET = 7.0;
				LD_RUNPATH_SEARCH_PATHS = "$(inherited) @executable_path/Frameworks";
				OTHER_LDFLAGS = "-ObjC";
				PRODUCT_NAME = "$(TARGET_NAME)";
				TARGETED_DEVICE_FAMILY = 1;
			};
			name = Debug;
		};
		8B83102919C3EBCB007B2767 /* Release */ = {
			isa = XCBuildConfiguration;
			buildSettings = {
				ASSETCATALOG_COMPILER_LAUNCHIMAGE_NAME = LaunchImage;
				FRAMEWORK_SEARCH_PATHS = (
					"$(inherited)",
					"$(PROJECT_DIR)/Tranquility",
				);
				INFOPLIST_FILE = Tranquility/Info.plist;
				IPHONEOS_DEPLOYMENT_TARGET = 7.0;
				LD_RUNPATH_SEARCH_PATHS = "$(inherited) @executable_path/Frameworks";
				OTHER_LDFLAGS = "-ObjC";
				PRODUCT_NAME = "$(TARGET_NAME)";
				TARGETED_DEVICE_FAMILY = 1;
			};
			name = Release;
		};
		8B83102B19C3EBCB007B2767 /* Debug */ = {
			isa = XCBuildConfiguration;
			buildSettings = {
				BUNDLE_LOADER = "$(TEST_HOST)";
				FRAMEWORK_SEARCH_PATHS = (
					"$(SDKROOT)/Developer/Library/Frameworks",
					"$(inherited)",
				);
				GCC_PREPROCESSOR_DEFINITIONS = (
					"DEBUG=1",
					"$(inherited)",
				);
				INFOPLIST_FILE = TranquilityTests/Info.plist;
				LD_RUNPATH_SEARCH_PATHS = "$(inherited) @executable_path/Frameworks @loader_path/Frameworks";
				PRODUCT_NAME = "$(TARGET_NAME)";
				TEST_HOST = "$(BUILT_PRODUCTS_DIR)/Tranquility.app/Tranquility";
			};
			name = Debug;
		};
		8B83102C19C3EBCB007B2767 /* Release */ = {
			isa = XCBuildConfiguration;
			buildSettings = {
				BUNDLE_LOADER = "$(TEST_HOST)";
				FRAMEWORK_SEARCH_PATHS = (
					"$(SDKROOT)/Developer/Library/Frameworks",
					"$(inherited)",
				);
				INFOPLIST_FILE = TranquilityTests/Info.plist;
				LD_RUNPATH_SEARCH_PATHS = "$(inherited) @executable_path/Frameworks @loader_path/Frameworks";
				PRODUCT_NAME = "$(TARGET_NAME)";
				TEST_HOST = "$(BUILT_PRODUCTS_DIR)/Tranquility.app/Tranquility";
			};
			name = Release;
		};
/* End XCBuildConfiguration section */

/* Begin XCConfigurationList section */
		8B830FFF19C3EBCB007B2767 /* Build configuration list for PBXProject "Tranquility" */ = {
			isa = XCConfigurationList;
			buildConfigurations = (
				8B83102519C3EBCB007B2767 /* Debug */,
				8B83102619C3EBCB007B2767 /* Release */,
			);
			defaultConfigurationIsVisible = 0;
			defaultConfigurationName = Release;
		};
		8B83102719C3EBCB007B2767 /* Build configuration list for PBXNativeTarget "Tranquility" */ = {
			isa = XCConfigurationList;
			buildConfigurations = (
				8B83102819C3EBCB007B2767 /* Debug */,
				8B83102919C3EBCB007B2767 /* Release */,
			);
			defaultConfigurationIsVisible = 0;
			defaultConfigurationName = Release;
		};
		8B83102A19C3EBCB007B2767 /* Build configuration list for PBXNativeTarget "TranquilityTests" */ = {
			isa = XCConfigurationList;
			buildConfigurations = (
				8B83102B19C3EBCB007B2767 /* Debug */,
				8B83102C19C3EBCB007B2767 /* Release */,
			);
			defaultConfigurationIsVisible = 0;
			defaultConfigurationName = Release;
		};
/* End XCConfigurationList section */
	};
	rootObject = 8B830FFC19C3EBCB007B2767 /* Project object */;
}
